
Microsoft Visual Studio Solution File, Format Version 12.00
# Visual Studio Version 17
VisualStudioVersion = 17.14.36221.1 d17.14
MinimumVisualStudioVersion = 10.0.40219.1
Project("{FAE04EC0-301F-11D3-BF4B-00C04F79EFBC}") = "SuppliesWebApplication", "SuppliesWebApplication\SuppliesWebApplication.csproj", "{17709474-2402-4EE8-88C9-5940E7517B1F}"
EndProject
Global
	GlobalSection(SolutionConfigurationPlatforms) = preSolution
		Debug|Any CPU = Debug|Any CPU
		Release|Any CPU = Release|Any CPU
	EndGlobalSection
	GlobalSection(ProjectConfigurationPlatforms) = postSolution
		{17709474-2402-4EE8-88C9-5940E7517B1F}.Debug|Any CPU.ActiveCfg = Debug|Any CPU
		{17709474-2402-4EE8-88C9-5940E7517B1F}.Debug|Any CPU.Build.0 = Debug|Any CPU
		{17709474-2402-4EE8-88C9-5940E7517B1F}.Release|Any CPU.ActiveCfg = Release|Any CPU
		{17709474-2402-4EE8-88C9-5940E7517B1F}.Release|Any CPU.Build.0 = Release|Any CPU
	EndGlobalSection
	GlobalSection(SolutionProperties) = preSolution
		HideSolutionNode = FALSE
	EndGlobalSection
	GlobalSection(ExtensibilityGlobals) = postSolution
		SolutionGuid = {607E3DC8-3AA7-4248-A5D7-EF2D75297A28}
	EndGlobalSection
EndGlobal
